// !$*UTF8*$!
{
	archiveVersion = 1;
	classes = {
	};
	objectVersion = 46;
	objects = {

/* Begin PBXBuildFile section */
		4DC633B21DFBECA700462826 /* AppDelegate.swift in Sources */ = {isa = PBXBuildFile; fileRef = 4DC633B11DFBECA700462826 /* AppDelegate.swift */; };
		4DC633B41DFBECA700462826 /* ViewController.swift in Sources */ = {isa = PBXBuildFile; fileRef = 4DC633B31DFBECA700462826 /* ViewController.swift */; };
		4DC633B71DFBECA700462826 /* Main.storyboard in Resources */ = {isa = PBXBuildFile; fileRef = 4DC633B51DFBECA700462826 /* Main.storyboard */; };
		4DC633B91DFBECA700462826 /* Assets.xcassets in Resources */ = {isa = PBXBuildFile; fileRef = 4DC633B81DFBECA700462826 /* Assets.xcassets */; };
		4DC633BC1DFBECA700462826 /* LaunchScreen.storyboard in Resources */ = {isa = PBXBuildFile; fileRef = 4DC633BA1DFBECA700462826 /* LaunchScreen.storyboard */; };
		4DC633C41DFBECC600462826 /* RadialMenuButton.swift in Sources */ = {isa = PBXBuildFile; fileRef = 4DC633C31DFBECC600462826 /* RadialMenuButton.swift */; };
/* End PBXBuildFile section */

/* Begin PBXFileReference section */
		4DC633AE1DFBECA700462826 /* radialMenu.app */ = {isa = PBXFileReference; explicitFileType = wrapper.application; includeInIndex = 0; path = radialMenu.app; sourceTree = BUILT_PRODUCTS_DIR; };
		4DC633B11DFBECA700462826 /* AppDelegate.swift */ = {isa = PBXFileReference; lastKnownFileType = sourcecode.swift; path = AppDelegate.swift; sourceTree = "<group>"; };
		4DC633B31DFBECA700462826 /* ViewController.swift */ = {isa = PBXFileReference; lastKnownFileType = sourcecode.swift; path = ViewController.swift; sourceTree = "<group>"; };
		4DC633B61DFBECA700462826 /* Base */ = {isa = PBXFileReference; lastKnownFileType = file.storyboard; name = Base; path = Base.lproj/Main.storyboard; sourceTree = "<group>"; };
		4DC633B81DFBECA700462826 /* Assets.xcassets */ = {isa = PBXFileReference; lastKnownFileType = folder.assetcatalog; path = Assets.xcassets; sourceTree = "<group>"; };
		4DC633BB1DFBECA700462826 /* Base */ = {isa = PBXFileReference; lastKnownFileType = file.storyboard; name = Base; path = Base.lproj/LaunchScreen.storyboard; sourceTree = "<group>"; };
		4DC633BD1DFBECA700462826 /* Info.plist */ = {isa = PBXFileReference; lastKnownFileType = text.plist.xml; path = Info.plist; sourceTree = "<group>"; };
		4DC633C31DFBECC600462826 /* RadialMenuButton.swift */ = {isa = PBXFileReference; fileEncoding = 4; lastKnownFileType = sourcecode.swift; path = RadialMenuButton.swift; sourceTree = "<group>"; };
/* End PBXFileReference section */

/* Begin PBXFrameworksBuildPhase section */
		4DC633AB1DFBECA700462826 /* Frameworks */ = {
			isa = PBXFrameworksBuildPhase;
			buildActionMask = 2147483647;
			files = (
			);
			runOnlyForDeploymentPostprocessing = 0;
		};
/* End PBXFrameworksBuildPhase section */

/* Begin PBXGroup section */
		4DC633A51DFBECA700462826 = {
			isa = PBXGroup;
			children = (
				4DC633B01DFBECA700462826 /* radialMenu */,
				4DC633AF1DFBECA700462826 /* Products */,
			);
			sourceTree = "<group>";
		};
		4DC633AF1DFBECA700462826 /* Products */ = {
			isa = PBXGroup;
			children = (
				4DC633AE1DFBECA700462826 /* radialMenu.app */,
			);
			name = Products;
			sourceTree = "<group>";
		};
		4DC633B01DFBECA700462826 /* radialMenu */ = {
			isa = PBXGroup;
			children = (
				4DC633B11DFBECA700462826 /* AppDelegate.swift */,
				4DC633B31DFBECA700462826 /* ViewController.swift */,
				4DC633C31DFBECC600462826 /* RadialMenuButton.swift */,
				4DC633B51DFBECA700462826 /* Main.storyboard */,
				4DC633B81DFBECA700462826 /* Assets.xcassets */,
				4DC633BA1DFBECA700462826 /* LaunchScreen.storyboard */,
				4DC633BD1DFBECA700462826 /* Info.plist */,
			);
			path = radialMenu;
			sourceTree = "<group>";
		};
/* End PBXGroup section */

/* Begin PBXNativeTarget section */
		4DC633AD1DFBECA700462826 /* radialMenu */ = {
			isa = PBXNativeTarget;
			buildConfigurationList = 4DC633C01DFBECA700462826 /* Build configuration list for PBXNativeTarget "radialMenu" */;
			buildPhases = (
				4DC633AA1DFBECA700462826 /* Sources */,
				4DC633AB1DFBECA700462826 /* Frameworks */,
				4DC633AC1DFBECA700462826 /* Resources */,
			);
			buildRules = (
			);
			dependencies = (
			);
			name = radialMenu;
			productName = radialMenu;
			productReference = 4DC633AE1DFBECA700462826 /* radialMenu.app */;
			productType = "com.apple.product-type.application";
		};
/* End PBXNativeTarget section */

/* Begin PBXProject section */
		4DC633A61DFBECA700462826 /* Project object */ = {
			isa = PBXProject;
			attributes = {
				LastSwiftUpdateCheck = 0810;
				LastUpgradeCheck = 0810;
				ORGANIZATIONNAME = Josh;
				TargetAttributes = {
					4DC633AD1DFBECA700462826 = {
						CreatedOnToolsVersion = 8.1;
						DevelopmentTeam = L4WMJSL77G;
						ProvisioningStyle = Automatic;
					};
				};
			};
			buildConfigurationList = 4DC633A91DFBECA700462826 /* Build configuration list for PBXProject "radialMenu" */;
			compatibilityVersion = "Xcode 3.2";
			developmentRegion = English;
			hasScannedForEncodings = 0;
			knownRegions = (
				en,
				Base,
			);
			mainGroup = 4DC633A51DFBECA700462826;
			productRefGroup = 4DC633AF1DFBECA700462826 /* Products */;
			projectDirPath = "";
			projectRoot = "";
			targets = (
				4DC633AD1DFBECA700462826 /* radialMenu */,
			);
		};
/* End PBXProject section */

/* Begin PBXResourcesBuildPhase section */
		4DC633AC1DFBECA700462826 /* Resources */ = {
			isa = PBXResourcesBuildPhase;
			buildActionMask = 2147483647;
			files = (
				4DC633BC1DFBECA700462826 /* LaunchScreen.storyboard in Resources */,
				4DC633B91DFBECA700462826 /* Assets.xcassets in Resources */,
				4DC633B71DFBECA700462826 /* Main.storyboard in Resources */,
			);
			runOnlyForDeploymentPostprocessing = 0;
		};
/* End PBXResourcesBuildPhase section */

/* Begin PBXSourcesBuildPhase section */
		4DC633AA1DFBECA700462826 /* Sources */ = {
			isa = PBXSourcesBuildPhase;
			buildActionMask = 2147483647;
			files = (
				4DC633C41DFBECC600462826 /* RadialMenuButton.swift in Sources */,
				4DC633B41DFBECA700462826 /* ViewController.swift in Sources */,
				4DC633B21DFBECA700462826 /* AppDelegate.swift in Sources */,
			);
			runOnlyForDeploymentPostprocessing = 0;
		};
/* End PBXSourcesBuildPhase section */

/* Begin PBXVariantGroup section */
		4DC633B51DFBECA700462826 /* Main.storyboard */ = {
			isa = PBXVariantGroup;
			children = (
				4DC633B61DFBECA700462826 /* Base */,
			);
			name = Main.storyboard;
			sourceTree = "<group>";
		};
		4DC633BA1DFBECA700462826 /* LaunchScreen.storyboard */ = {
			isa = PBXVariantGroup;
			children = (
				4DC633BB1DFBECA700462826 /* Base */,
			);
			name = LaunchScreen.storyboard;
			sourceTree = "<group>";
		};
/* End PBXVariantGroup section */

/* Begin XCBuildConfiguration section */
		4DC633BE1DFBECA700462826 /* Debug */ = {
			isa = XCBuildConfiguration;
			buildSettings = {
				ALWAYS_SEARCH_USER_PATHS = NO;
				CLANG_ANALYZER_NONNULL = YES;
				CLANG_CXX_LANGUAGE_STANDARD = "gnu++0x";
				CLANG_CXX_LIBRARY = "libc++";
				CLANG_ENABLE_MODULES = YES;
				CLANG_ENABLE_OBJC_ARC = YES;
				CLANG_WARN_BOOL_CONVERSION = YES;
				CLANG_WARN_CONSTANT_CONVERSION = YES;
				CLANG_WARN_DIRECT_OBJC_ISA_USAGE = YES_ERROR;
				CLANG_WARN_DOCUMENTATION_COMMENTS = YES;
				CLANG_WARN_EMPTY_BODY = YES;
				CLANG_WARN_ENUM_CONVERSION = YES;
				CLANG_WARN_INFINITE_RECURSION = YES;
				CLANG_WARN_INT_CONVERSION = YES;
				CLANG_WARN_OBJC_ROOT_CLASS = YES_ERROR;
				CLANG_WARN_SUSPICIOUS_MOVES = YES;
				CLANG_WARN_UNREACHABLE_CODE = YES;
				CLANG_WARN__DUPLICATE_METHOD_MATCH = YES;
				"CODE_SIGN_IDENTITY[sdk=iphoneos*]" = "iPhone Developer";
				COPY_PHASE_STRIP = NO;
				DEBUG_INFORMATION_FORMAT = dwarf;
				ENABLE_STRICT_OBJC_MSGSEND = YES;
				ENABLE_TESTABILITY = YES;
				GCC_C_LANGUAGE_STANDARD = gnu99;
				GCC_DYNAMIC_NO_PIC = NO;
				GCC_NO_COMMON_BLOCKS = YES;
				GCC_OPTIMIZATION_LEVEL = 0;
				GCC_PREPROCESSOR_DEFINITIONS = (
					"DEBUG=1",
					"$(inherited)",
				);
				GCC_WARN_64_TO_32_BIT_CONVERSION = YES;
				GCC_WARN_ABOUT_RETURN_TYPE = YES_ERROR;
				GCC_WARN_UNDECLARED_SELECTOR = YES;
				GCC_WARN_UNINITIALIZED_AUTOS = YES_AGGRESSIVE;
				GCC_WARN_UNUSED_FUNCTION = YES;
				GCC_WARN_UNUSED_VARIABLE = YES;
				IPHONEOS_DEPLOYMENT_TARGET = 10.1;
				MTL_ENABLE_DEBUG_INFO = YES;
				ONLY_ACTIVE_ARCH = YES;
				SDKROOT = iphoneos;
				SWIFT_ACTIVE_COMPILATION_CONDITIONS = DEBUG;
				SWIFT_OPTIMIZATION_LEVEL = "-Onone";
				TARGETED_DEVICE_FAMILY = "1,2";
			};
			name = Debug;
		};
		4DC633BF1DFBECA700462826 /* Release */ = {
			isa = XCBuildConfiguration;
			buildSettings = {
				ALWAYS_SEARCH_USER_PATHS = NO;
				CLANG_ANALYZER_NONNULL = YES;
				CLANG_CXX_LANGUAGE_STANDARD = "gnu++0x";
				CLANG_CXX_LIBRARY = "libc++";
				CLANG_ENABLE_MODULES = YES;
				CLANG_ENABLE_OBJC_ARC = YES;
				CLANG_WARN_BOOL_CONVERSION = YES;
				CLANG_WARN_CONSTANT_CONVERSION = YES;
				CLANG_WARN_DIRECT_OBJC_ISA_USAGE = YES_ERROR;
				CLANG_WARN_DOCUMENTATION_COMMENTS = YES;
				CLANG_WARN_EMPTY_BODY = YES;
				CLANG_WARN_ENUM_CONVERSION = YES;
				CLANG_WARN_INFINITE_RECURSION = YES;
				CLANG_WARN_INT_CONVERSION = YES;
				CLANG_WARN_OBJC_ROOT_CLASS = YES_ERROR;
				CLANG_WARN_SUSPICIOUS_MOVES = YES;
				CLANG_WARN_UNREACHABLE_CODE = YES;
				CLANG_WARN__DUPLICATE_METHOD_MATCH = YES;
				"CODE_SIGN_IDENTITY[sdk=iphoneos*]" = "iPhone Developer";
				COPY_PHASE_STRIP = NO;
				DEBUG_INFORMATION_FORMAT = "dwarf-with-dsym";
				ENABLE_NS_ASSERTIONS = NO;
				ENABLE_STRICT_OBJC_MSGSEND = YES;
				GCC_C_LANGUAGE_STANDARD = gnu99;
				GCC_NO_COMMON_BLOCKS = YES;
				GCC_WARN_64_TO_32_BIT_CONVERSION = YES;
				GCC_WARN_ABOUT_RETURN_TYPE = YES_ERROR;
				GCC_WARN_UNDECLARED_SELECTOR = YES;
				GCC_WARN_UNINITIALIZED_AUTOS = YES_AGGRESSIVE;
				GCC_WARN_UNUSED_FUNCTION = YES;
				GCC_WARN_UNUSED_VARIABLE = YES;
				IPHONEOS_DEPLOYMENT_TARGET = 10.1;
				MTL_ENABLE_DEBUG_INFO = NO;
				SDKROOT = iphoneos;
				SWIFT_OPTIMIZATION_LEVEL = "-Owholemodule";
				TARGETED_DEVICE_FAMILY = "1,2";
				VALIDATE_PRODUCT = YES;
			};
			name = Release;
		};
		4DC633C11DFBECA700462826 /* Debug */ = {
			isa = XCBuildConfiguration;
			buildSettings = {
				ASSETCATALOG_COMPILER_APPICON_NAME = AppIcon;
				DEVELOPMENT_TEAM = L4WMJSL77G;
				INFOPLIST_FILE = radialMenu/Info.plist;
				LD_RUNPATH_SEARCH_PATHS = "$(inherited) @executable_path/Frameworks";
				PRODUCT_BUNDLE_IDENTIFIER = com.homann.josh.radialMenu;
				PRODUCT_NAME = "$(TARGET_NAME)";
				SWIFT_VERSION = 3.0;
			};
			name = Debug;
		};
		4DC633C21DFBECA700462826 /* Release */ = {
			isa = XCBuildConfiguration;
			buildSettings = {
				ASSETCATALOG_COMPILER_APPICON_NAME = AppIcon;
				DEVELOPMENT_TEAM = L4WMJSL77G;
				INFOPLIST_FILE = radialMenu/Info.plist;
				LD_RUNPATH_SEARCH_PATHS = "$(inherited) @executable_path/Frameworks";
				PRODUCT_BUNDLE_IDENTIFIER = com.homann.josh.radialMenu;
				PRODUCT_NAME = "$(TARGET_NAME)";
				SWIFT_VERSION = 3.0;
			};
			name = Release;
		};
/* End XCBuildConfiguration section */

/* Begin XCConfigurationList section */
		4DC633A91DFBECA700462826 /* Build configuration list for PBXProject "radialMenu" */ = {
			isa = XCConfigurationList;
			buildConfigurations = (
				4DC633BE1DFBECA700462826 /* Debug */,
				4DC633BF1DFBECA700462826 /* Release */,
			);
			defaultConfigurationIsVisible = 0;
			defaultConfigurationName = Release;
		};
		4DC633C01DFBECA700462826 /* Build configuration list for PBXNativeTarget "radialMenu" */ = {
			isa = XCConfigurationList;
			buildConfigurations = (
				4DC633C11DFBECA700462826 /* Debug */,
				4DC633C21DFBECA700462826 /* Release */,
			);
			defaultConfigurationIsVisible = 0;
			defaultConfigurationName = Release;
		};
/* End XCConfigurationList section */
	};
	rootObject = 4DC633A61DFBECA700462826 /* Project object */;
}
